
Microsoft Visual Studio Solution File, Format Version 12.00
# Visual Studio 15
VisualStudioVersion = 15.0.28307.1062
MinimumVisualStudioVersion = 10.0.40219.1
Project("{FAE04EC0-301F-11D3-BF4B-00C04F79EFBC}") = "chinesezodiac", "chinesezodiac\chinesezodiac.csproj", "{3DEA68DF-8100-40EB-ADB6-8433C8D90439}"
EndProject
Global
	GlobalSection(SolutionConfigurationPlatforms) = preSolution
		Debug|Any CPU = Debug|Any CPU
		Release|Any CPU = Release|Any CPU
	EndGlobalSection
	GlobalSection(ProjectConfigurationPlatforms) = postSolution
		{3DEA68DF-8100-40EB-ADB6-8433C8D90439}.Debug|Any CPU.ActiveCfg = Debug|Any CPU
		{3DEA68DF-8100-40EB-ADB6-8433C8D90439}.Debug|Any CPU.Build.0 = Debug|Any CPU
		{3DEA68DF-8100-40EB-ADB6-8433C8D90439}.Release|Any CPU.ActiveCfg = Release|Any CPU
		{3DEA68DF-8100-40EB-ADB6-8433C8D90439}.Release|Any CPU.Build.0 = Release|Any CPU
	EndGlobalSection
	GlobalSection(SolutionProperties) = preSolution
		HideSolutionNode = FALSE
	EndGlobalSection
	GlobalSection(ExtensibilityGlobals) = postSolution
		SolutionGuid = {759DC5C2-F308-405A-8534-E28980A1B198}
	EndGlobalSection
EndGlobal
